// !$*UTF8*$!
{
	archiveVersion = 1;
	classes = {
	};
	objectVersion = 56;
	objects = {

/* Begin PBXBuildFile section */
		D31040962BB04B15007C695C /* CharacterDetailsViewModel.swift in Sources */ = {isa = PBXBuildFile; fileRef = D31040952BB04B15007C695C /* CharacterDetailsViewModel.swift */; };
		D31040982BB07A78007C695C /* ActionButton.swift in Sources */ = {isa = PBXBuildFile; fileRef = D31040972BB07A77007C695C /* ActionButton.swift */; };
		D31702302BB1AC7C0096FD26 /* StorageManager.swift in Sources */ = {isa = PBXBuildFile; fileRef = D317022F2BB1AC7C0096FD26 /* StorageManager.swift */; };
		D3FE835C2BAEF72B00784BF7 /* DisneyExplorerApp.swift in Sources */ = {isa = PBXBuildFile; fileRef = D3FE835B2BAEF72B00784BF7 /* DisneyExplorerApp.swift */; };
		D3FE835E2BAEF72B00784BF7 /* ContentView.swift in Sources */ = {isa = PBXBuildFile; fileRef = D3FE835D2BAEF72B00784BF7 /* ContentView.swift */; };
		D3FE83602BAEF72E00784BF7 /* Assets.xcassets in Resources */ = {isa = PBXBuildFile; fileRef = D3FE835F2BAEF72E00784BF7 /* Assets.xcassets */; };
		D3FE83632BAEF72E00784BF7 /* Preview Assets.xcassets in Resources */ = {isa = PBXBuildFile; fileRef = D3FE83622BAEF72E00784BF7 /* Preview Assets.xcassets */; };
		D3FE83682BAEF72E00784BF7 /* DisneyExplorer.xcdatamodeld in Sources */ = {isa = PBXBuildFile; fileRef = D3FE83662BAEF72E00784BF7 /* DisneyExplorer.xcdatamodeld */; };
		D3FE837C2BAEF72F00784BF7 /* DisneyExplorerUITests.swift in Sources */ = {isa = PBXBuildFile; fileRef = D3FE837B2BAEF72F00784BF7 /* DisneyExplorerUITests.swift */; };
		D3FE837E2BAEF72F00784BF7 /* DisneyExplorerUITestsLaunchTests.swift in Sources */ = {isa = PBXBuildFile; fileRef = D3FE837D2BAEF72F00784BF7 /* DisneyExplorerUITestsLaunchTests.swift */; };
		D3FE838B2BAEFF8F00784BF7 /* DisneyClientTests.swift in Sources */ = {isa = PBXBuildFile; fileRef = D3FE838A2BAEFF8F00784BF7 /* DisneyClientTests.swift */; };
		D3FE83902BAF03AD00784BF7 /* DisneyClient.swift in Sources */ = {isa = PBXBuildFile; fileRef = D3FE838F2BAF03AD00784BF7 /* DisneyClient.swift */; };
		D3FE83922BAF04D600784BF7 /* StubData.swift in Sources */ = {isa = PBXBuildFile; fileRef = D3FE83912BAF04D600784BF7 /* StubData.swift */; };
		D3FE83952BAF059300784BF7 /* GetAllSuccess.json in Resources */ = {isa = PBXBuildFile; fileRef = D3FE83942BAF059300784BF7 /* GetAllSuccess.json */; };
		D3FE83982BAF073800784BF7 /* GetAllDTO.swift in Sources */ = {isa = PBXBuildFile; fileRef = D3FE83972BAF073800784BF7 /* GetAllDTO.swift */; };
		D3FE839A2BAF13C100784BF7 /* GetAllSuccess.json in Resources */ = {isa = PBXBuildFile; fileRef = D3FE83942BAF059300784BF7 /* GetAllSuccess.json */; };
		D3FE839D2BAF158B00784BF7 /* ExplorerViewModel.swift in Sources */ = {isa = PBXBuildFile; fileRef = D3FE839C2BAF158B00784BF7 /* ExplorerViewModel.swift */; };
		D3FE839F2BAF1B3200784BF7 /* MockURLSession.swift in Sources */ = {isa = PBXBuildFile; fileRef = D3FE839E2BAF1B3200784BF7 /* MockURLSession.swift */; };
		D3FE83A32BAF1C7300784BF7 /* URLSessionProtocol.swift in Sources */ = {isa = PBXBuildFile; fileRef = D3FE83A22BAF1C7300784BF7 /* URLSessionProtocol.swift */; };
		D3FE83A52BAF30D400784BF7 /* InvalidResponse.json in Resources */ = {isa = PBXBuildFile; fileRef = D3FE83A42BAF30D400784BF7 /* InvalidResponse.json */; };
		D3FE83A62BAF311000784BF7 /* InvalidResponse.json in Resources */ = {isa = PBXBuildFile; fileRef = D3FE83A42BAF30D400784BF7 /* InvalidResponse.json */; };
		D3FE83A82BAF362500784BF7 /* ExplorerViewModelTests.swift in Sources */ = {isa = PBXBuildFile; fileRef = D3FE83A72BAF362500784BF7 /* ExplorerViewModelTests.swift */; };
		D3FE83AB2BAF397400784BF7 /* Character.swift in Sources */ = {isa = PBXBuildFile; fileRef = D3FE83AA2BAF397400784BF7 /* Character.swift */; };
		D3FE83AD2BAF440700784BF7 /* ExplorerView.swift in Sources */ = {isa = PBXBuildFile; fileRef = D3FE83AC2BAF440700784BF7 /* ExplorerView.swift */; };
		D3FE83AF2BAF442900784BF7 /* CharacterCard.swift in Sources */ = {isa = PBXBuildFile; fileRef = D3FE83AE2BAF442900784BF7 /* CharacterCard.swift */; };
		D3FE83B12BAF6DBF00784BF7 /* CharacterImage.swift in Sources */ = {isa = PBXBuildFile; fileRef = D3FE83B02BAF6DBF00784BF7 /* CharacterImage.swift */; };
		D3FE83B32BAF701C00784BF7 /* DetailsViewModelTests.swift in Sources */ = {isa = PBXBuildFile; fileRef = D3FE83B22BAF701C00784BF7 /* DetailsViewModelTests.swift */; };
		D3FE83B52BAF717A00784BF7 /* CharacterDetailsView.swift in Sources */ = {isa = PBXBuildFile; fileRef = D3FE83B42BAF717A00784BF7 /* CharacterDetailsView.swift */; };
/* End PBXBuildFile section */

/* Begin PBXContainerItemProxy section */
		D3FE836E2BAEF72F00784BF7 /* PBXContainerItemProxy */ = {
			isa = PBXContainerItemProxy;
			containerPortal = D3FE83502BAEF72B00784BF7 /* Project object */;
			proxyType = 1;
			remoteGlobalIDString = D3FE83572BAEF72B00784BF7;
			remoteInfo = DisneyExplorer;
		};
		D3FE83782BAEF72F00784BF7 /* PBXContainerItemProxy */ = {
			isa = PBXContainerItemProxy;
			containerPortal = D3FE83502BAEF72B00784BF7 /* Project object */;
			proxyType = 1;
			remoteGlobalIDString = D3FE83572BAEF72B00784BF7;
			remoteInfo = DisneyExplorer;
		};
/* End PBXContainerItemProxy section */

/* Begin PBXFileReference section */
		D31040952BB04B15007C695C /* CharacterDetailsViewModel.swift */ = {isa = PBXFileReference; lastKnownFileType = sourcecode.swift; path = CharacterDetailsViewModel.swift; sourceTree = "<group>"; };
		D31040972BB07A77007C695C /* ActionButton.swift */ = {isa = PBXFileReference; lastKnownFileType = sourcecode.swift; path = ActionButton.swift; sourceTree = "<group>"; };
		D317022F2BB1AC7C0096FD26 /* StorageManager.swift */ = {isa = PBXFileReference; lastKnownFileType = sourcecode.swift; path = StorageManager.swift; sourceTree = "<group>"; };
		D3FE83582BAEF72B00784BF7 /* DisneyExplorer.app */ = {isa = PBXFileReference; explicitFileType = wrapper.application; includeInIndex = 0; path = DisneyExplorer.app; sourceTree = BUILT_PRODUCTS_DIR; };
		D3FE835B2BAEF72B00784BF7 /* DisneyExplorerApp.swift */ = {isa = PBXFileReference; lastKnownFileType = sourcecode.swift; path = DisneyExplorerApp.swift; sourceTree = "<group>"; };
		D3FE835D2BAEF72B00784BF7 /* ContentView.swift */ = {isa = PBXFileReference; lastKnownFileType = sourcecode.swift; path = ContentView.swift; sourceTree = "<group>"; };
		D3FE835F2BAEF72E00784BF7 /* Assets.xcassets */ = {isa = PBXFileReference; lastKnownFileType = folder.assetcatalog; path = Assets.xcassets; sourceTree = "<group>"; };
		D3FE83622BAEF72E00784BF7 /* Preview Assets.xcassets */ = {isa = PBXFileReference; lastKnownFileType = folder.assetcatalog; path = "Preview Assets.xcassets"; sourceTree = "<group>"; };
		D3FE83672BAEF72E00784BF7 /* DisneyExplorer.xcdatamodel */ = {isa = PBXFileReference; lastKnownFileType = wrapper.xcdatamodel; path = DisneyExplorer.xcdatamodel; sourceTree = "<group>"; };
		D3FE836D2BAEF72F00784BF7 /* DisneyExplorerTests.xctest */ = {isa = PBXFileReference; explicitFileType = wrapper.cfbundle; includeInIndex = 0; path = DisneyExplorerTests.xctest; sourceTree = BUILT_PRODUCTS_DIR; };
		D3FE83772BAEF72F00784BF7 /* DisneyExplorerUITests.xctest */ = {isa = PBXFileReference; explicitFileType = wrapper.cfbundle; includeInIndex = 0; path = DisneyExplorerUITests.xctest; sourceTree = BUILT_PRODUCTS_DIR; };
		D3FE837B2BAEF72F00784BF7 /* DisneyExplorerUITests.swift */ = {isa = PBXFileReference; lastKnownFileType = sourcecode.swift; path = DisneyExplorerUITests.swift; sourceTree = "<group>"; };
		D3FE837D2BAEF72F00784BF7 /* DisneyExplorerUITestsLaunchTests.swift */ = {isa = PBXFileReference; lastKnownFileType = sourcecode.swift; path = DisneyExplorerUITestsLaunchTests.swift; sourceTree = "<group>"; };
		D3FE838A2BAEFF8F00784BF7 /* DisneyClientTests.swift */ = {isa = PBXFileReference; lastKnownFileType = sourcecode.swift; path = DisneyClientTests.swift; sourceTree = "<group>"; };
		D3FE838F2BAF03AD00784BF7 /* DisneyClient.swift */ = {isa = PBXFileReference; lastKnownFileType = sourcecode.swift; path = DisneyClient.swift; sourceTree = "<group>"; };
		D3FE83912BAF04D600784BF7 /* StubData.swift */ = {isa = PBXFileReference; lastKnownFileType = sourcecode.swift; path = StubData.swift; sourceTree = "<group>"; };
		D3FE83942BAF059300784BF7 /* GetAllSuccess.json */ = {isa = PBXFileReference; lastKnownFileType = text.json; path = GetAllSuccess.json; sourceTree = "<group>"; };
		D3FE83972BAF073800784BF7 /* GetAllDTO.swift */ = {isa = PBXFileReference; lastKnownFileType = sourcecode.swift; path = GetAllDTO.swift; sourceTree = "<group>"; };
		D3FE83992BAF12C800784BF7 /* DisneyExplorer.xctestplan */ = {isa = PBXFileReference; lastKnownFileType = text; path = DisneyExplorer.xctestplan; sourceTree = "<group>"; };
		D3FE839C2BAF158B00784BF7 /* ExplorerViewModel.swift */ = {isa = PBXFileReference; lastKnownFileType = sourcecode.swift; path = ExplorerViewModel.swift; sourceTree = "<group>"; };
		D3FE839E2BAF1B3200784BF7 /* MockURLSession.swift */ = {isa = PBXFileReference; lastKnownFileType = sourcecode.swift; path = MockURLSession.swift; sourceTree = "<group>"; };
		D3FE83A22BAF1C7300784BF7 /* URLSessionProtocol.swift */ = {isa = PBXFileReference; lastKnownFileType = sourcecode.swift; path = URLSessionProtocol.swift; sourceTree = "<group>"; };
		D3FE83A42BAF30D400784BF7 /* InvalidResponse.json */ = {isa = PBXFileReference; lastKnownFileType = text.json; path = InvalidResponse.json; sourceTree = "<group>"; };
		D3FE83A72BAF362500784BF7 /* ExplorerViewModelTests.swift */ = {isa = PBXFileReference; lastKnownFileType = sourcecode.swift; path = ExplorerViewModelTests.swift; sourceTree = "<group>"; };
		D3FE83AA2BAF397400784BF7 /* Character.swift */ = {isa = PBXFileReference; lastKnownFileType = sourcecode.swift; path = Character.swift; sourceTree = "<group>"; };
		D3FE83AC2BAF440700784BF7 /* ExplorerView.swift */ = {isa = PBXFileReference; lastKnownFileType = sourcecode.swift; path = ExplorerView.swift; sourceTree = "<group>"; };
		D3FE83AE2BAF442900784BF7 /* CharacterCard.swift */ = {isa = PBXFileReference; lastKnownFileType = sourcecode.swift; path = CharacterCard.swift; sourceTree = "<group>"; };
		D3FE83B02BAF6DBF00784BF7 /* CharacterImage.swift */ = {isa = PBXFileReference; lastKnownFileType = sourcecode.swift; path = CharacterImage.swift; sourceTree = "<group>"; };
		D3FE83B22BAF701C00784BF7 /* DetailsViewModelTests.swift */ = {isa = PBXFileReference; lastKnownFileType = sourcecode.swift; path = DetailsViewModelTests.swift; sourceTree = "<group>"; };
		D3FE83B42BAF717A00784BF7 /* CharacterDetailsView.swift */ = {isa = PBXFileReference; lastKnownFileType = sourcecode.swift; path = CharacterDetailsView.swift; sourceTree = "<group>"; };
/* End PBXFileReference section */

/* Begin PBXFrameworksBuildPhase section */
		D3FE83552BAEF72B00784BF7 /* Frameworks */ = {
			isa = PBXFrameworksBuildPhase;
			buildActionMask = 2147483647;
			files = (
			);
			runOnlyForDeploymentPostprocessing = 0;
		};
		D3FE836A2BAEF72F00784BF7 /* Frameworks */ = {
			isa = PBXFrameworksBuildPhase;
			buildActionMask = 2147483647;
			files = (
			);
			runOnlyForDeploymentPostprocessing = 0;
		};
		D3FE83742BAEF72F00784BF7 /* Frameworks */ = {
			isa = PBXFrameworksBuildPhase;
			buildActionMask = 2147483647;
			files = (
			);
			runOnlyForDeploymentPostprocessing = 0;
		};
/* End PBXFrameworksBuildPhase section */

/* Begin PBXGroup section */
		D31040942BB04ACF007C695C /* CharacterDetails */ = {
			isa = PBXGroup;
			children = (
				D3FE83B42BAF717A00784BF7 /* CharacterDetailsView.swift */,
				D31040952BB04B15007C695C /* CharacterDetailsViewModel.swift */,
				D31040972BB07A77007C695C /* ActionButton.swift */,
			);
			path = CharacterDetails;
			sourceTree = "<group>";
		};
		D3FE834F2BAEF72B00784BF7 = {
			isa = PBXGroup;
			children = (
				D3FE83992BAF12C800784BF7 /* DisneyExplorer.xctestplan */,
				D3FE835A2BAEF72B00784BF7 /* DisneyExplorer */,
				D3FE83702BAEF72F00784BF7 /* DisneyExplorerTests */,
				D3FE837A2BAEF72F00784BF7 /* DisneyExplorerUITests */,
				D3FE83592BAEF72B00784BF7 /* Products */,
			);
			sourceTree = "<group>";
		};
		D3FE83592BAEF72B00784BF7 /* Products */ = {
			isa = PBXGroup;
			children = (
				D3FE83582BAEF72B00784BF7 /* DisneyExplorer.app */,
				D3FE836D2BAEF72F00784BF7 /* DisneyExplorerTests.xctest */,
				D3FE83772BAEF72F00784BF7 /* DisneyExplorerUITests.xctest */,
			);
			name = Products;
			sourceTree = "<group>";
		};
		D3FE835A2BAEF72B00784BF7 /* DisneyExplorer */ = {
			isa = PBXGroup;
			children = (
				D3FE835B2BAEF72B00784BF7 /* DisneyExplorerApp.swift */,
				D3FE835D2BAEF72B00784BF7 /* ContentView.swift */,
				D317022F2BB1AC7C0096FD26 /* StorageManager.swift */,
				D3FE83A12BAF1C5D00784BF7 /* Networking */,
				D31040942BB04ACF007C695C /* CharacterDetails */,
				D3FE839B2BAF156100784BF7 /* Explorer */,
				D3FE835F2BAEF72E00784BF7 /* Assets.xcassets */,
				D3FE83662BAEF72E00784BF7 /* DisneyExplorer.xcdatamodeld */,
				D3FE83612BAEF72E00784BF7 /* Preview Content */,
			);
			path = DisneyExplorer;
			sourceTree = "<group>";
		};
		D3FE83612BAEF72E00784BF7 /* Preview Content */ = {
			isa = PBXGroup;
			children = (
				D3FE83622BAEF72E00784BF7 /* Preview Assets.xcassets */,
			);
			path = "Preview Content";
			sourceTree = "<group>";
		};
		D3FE83702BAEF72F00784BF7 /* DisneyExplorerTests */ = {
			isa = PBXGroup;
			children = (
				D3FE838A2BAEFF8F00784BF7 /* DisneyClientTests.swift */,
				D3FE839E2BAF1B3200784BF7 /* MockURLSession.swift */,
				D3FE83912BAF04D600784BF7 /* StubData.swift */,
				D3FE83932BAF053000784BF7 /* JsonResponses */,
				D3FE83A72BAF362500784BF7 /* ExplorerViewModelTests.swift */,
				D3FE83B22BAF701C00784BF7 /* DetailsViewModelTests.swift */,
			);
			path = DisneyExplorerTests;
			sourceTree = "<group>";
		};
		D3FE837A2BAEF72F00784BF7 /* DisneyExplorerUITests */ = {
			isa = PBXGroup;
			children = (
				D3FE837B2BAEF72F00784BF7 /* DisneyExplorerUITests.swift */,
				D3FE837D2BAEF72F00784BF7 /* DisneyExplorerUITestsLaunchTests.swift */,
			);
			path = DisneyExplorerUITests;
			sourceTree = "<group>";
		};
		D3FE838E2BAF039D00784BF7 /* DisneyClient */ = {
			isa = PBXGroup;
			children = (
				D3FE838F2BAF03AD00784BF7 /* DisneyClient.swift */,
				D3FE83962BAF072400784BF7 /* Models */,
				D3FE83A22BAF1C7300784BF7 /* URLSessionProtocol.swift */,
			);
			path = DisneyClient;
			sourceTree = "<group>";
		};
		D3FE83932BAF053000784BF7 /* JsonResponses */ = {
			isa = PBXGroup;
			children = (
				D3FE83942BAF059300784BF7 /* GetAllSuccess.json */,
				D3FE83A42BAF30D400784BF7 /* InvalidResponse.json */,
			);
			path = JsonResponses;
			sourceTree = "<group>";
		};
		D3FE83962BAF072400784BF7 /* Models */ = {
			isa = PBXGroup;
			children = (
				D3FE83972BAF073800784BF7 /* GetAllDTO.swift */,
			);
			path = Models;
			sourceTree = "<group>";
		};
		D3FE839B2BAF156100784BF7 /* Explorer */ = {
			isa = PBXGroup;
			children = (
				D3FE839C2BAF158B00784BF7 /* ExplorerViewModel.swift */,
				D3FE83AC2BAF440700784BF7 /* ExplorerView.swift */,
				D3FE83B02BAF6DBF00784BF7 /* CharacterImage.swift */,
				D3FE83AE2BAF442900784BF7 /* CharacterCard.swift */,
				D3FE83A92BAF396000784BF7 /* Models */,
			);
			path = Explorer;
			sourceTree = "<group>";
		};
		D3FE83A12BAF1C5D00784BF7 /* Networking */ = {
			isa = PBXGroup;
			children = (
				D3FE838E2BAF039D00784BF7 /* DisneyClient */,
			);
			path = Networking;
			sourceTree = "<group>";
		};
		D3FE83A92BAF396000784BF7 /* Models */ = {
			isa = PBXGroup;
			children = (
				D3FE83AA2BAF397400784BF7 /* Character.swift */,
			);
			path = Models;
			sourceTree = "<group>";
		};
/* End PBXGroup section */

/* Begin PBXNativeTarget section */
		D3FE83572BAEF72B00784BF7 /* DisneyExplorer */ = {
			isa = PBXNativeTarget;
			buildConfigurationList = D3FE83812BAEF72F00784BF7 /* Build configuration list for PBXNativeTarget "DisneyExplorer" */;
			buildPhases = (
				D3FE83542BAEF72B00784BF7 /* Sources */,
				D3FE83552BAEF72B00784BF7 /* Frameworks */,
				D3FE83562BAEF72B00784BF7 /* Resources */,
			);
			buildRules = (
			);
			dependencies = (
			);
			name = DisneyExplorer;
			productName = DisneyExplorer;
			productReference = D3FE83582BAEF72B00784BF7 /* DisneyExplorer.app */;
			productType = "com.apple.product-type.application";
		};
		D3FE836C2BAEF72F00784BF7 /* DisneyExplorerTests */ = {
			isa = PBXNativeTarget;
			buildConfigurationList = D3FE83842BAEF72F00784BF7 /* Build configuration list for PBXNativeTarget "DisneyExplorerTests" */;
			buildPhases = (
				D3FE83692BAEF72F00784BF7 /* Sources */,
				D3FE836A2BAEF72F00784BF7 /* Frameworks */,
				D3FE836B2BAEF72F00784BF7 /* Resources */,
			);
			buildRules = (
			);
			dependencies = (
				D3FE836F2BAEF72F00784BF7 /* PBXTargetDependency */,
			);
			name = DisneyExplorerTests;
			productName = DisneyExplorerTests;
			productReference = D3FE836D2BAEF72F00784BF7 /* DisneyExplorerTests.xctest */;
			productType = "com.apple.product-type.bundle.unit-test";
		};
		D3FE83762BAEF72F00784BF7 /* DisneyExplorerUITests */ = {
			isa = PBXNativeTarget;
			buildConfigurationList = D3FE83872BAEF72F00784BF7 /* Build configuration list for PBXNativeTarget "DisneyExplorerUITests" */;
			buildPhases = (
				D3FE83732BAEF72F00784BF7 /* Sources */,
				D3FE83742BAEF72F00784BF7 /* Frameworks */,
				D3FE83752BAEF72F00784BF7 /* Resources */,
			);
			buildRules = (
			);
			dependencies = (
				D3FE83792BAEF72F00784BF7 /* PBXTargetDependency */,
			);
			name = DisneyExplorerUITests;
			productName = DisneyExplorerUITests;
			productReference = D3FE83772BAEF72F00784BF7 /* DisneyExplorerUITests.xctest */;
			productType = "com.apple.product-type.bundle.ui-testing";
		};
/* End PBXNativeTarget section */

/* Begin PBXProject section */
		D3FE83502BAEF72B00784BF7 /* Project object */ = {
			isa = PBXProject;
			attributes = {
				BuildIndependentTargetsInParallel = 1;
				LastSwiftUpdateCheck = 1500;
				LastUpgradeCheck = 1500;
				TargetAttributes = {
					D3FE83572BAEF72B00784BF7 = {
						CreatedOnToolsVersion = 15.0;
					};
					D3FE836C2BAEF72F00784BF7 = {
						CreatedOnToolsVersion = 15.0;
						TestTargetID = D3FE83572BAEF72B00784BF7;
					};
					D3FE83762BAEF72F00784BF7 = {
						CreatedOnToolsVersion = 15.0;
						TestTargetID = D3FE83572BAEF72B00784BF7;
					};
				};
			};
			buildConfigurationList = D3FE83532BAEF72B00784BF7 /* Build configuration list for PBXProject "DisneyExplorer" */;
			compatibilityVersion = "Xcode 14.0";
			developmentRegion = en;
			hasScannedForEncodings = 0;
			knownRegions = (
				en,
				Base,
			);
			mainGroup = D3FE834F2BAEF72B00784BF7;
			productRefGroup = D3FE83592BAEF72B00784BF7 /* Products */;
			projectDirPath = "";
			projectRoot = "";
			targets = (
				D3FE83572BAEF72B00784BF7 /* DisneyExplorer */,
				D3FE836C2BAEF72F00784BF7 /* DisneyExplorerTests */,
				D3FE83762BAEF72F00784BF7 /* DisneyExplorerUITests */,
			);
		};
/* End PBXProject section */

/* Begin PBXResourcesBuildPhase section */
		D3FE83562BAEF72B00784BF7 /* Resources */ = {
			isa = PBXResourcesBuildPhase;
			buildActionMask = 2147483647;
			files = (
				D3FE83A62BAF311000784BF7 /* InvalidResponse.json in Resources */,
				D3FE839A2BAF13C100784BF7 /* GetAllSuccess.json in Resources */,
				D3FE83632BAEF72E00784BF7 /* Preview Assets.xcassets in Resources */,
				D3FE83602BAEF72E00784BF7 /* Assets.xcassets in Resources */,
			);
			runOnlyForDeploymentPostprocessing = 0;
		};
		D3FE836B2BAEF72F00784BF7 /* Resources */ = {
			isa = PBXResourcesBuildPhase;
			buildActionMask = 2147483647;
			files = (
				D3FE83A52BAF30D400784BF7 /* InvalidResponse.json in Resources */,
				D3FE83952BAF059300784BF7 /* GetAllSuccess.json in Resources */,
			);
			runOnlyForDeploymentPostprocessing = 0;
		};
		D3FE83752BAEF72F00784BF7 /* Resources */ = {
			isa = PBXResourcesBuildPhase;
			buildActionMask = 2147483647;
			files = (
			);
			runOnlyForDeploymentPostprocessing = 0;
		};
/* End PBXResourcesBuildPhase section */

/* Begin PBXSourcesBuildPhase section */
		D3FE83542BAEF72B00784BF7 /* Sources */ = {
			isa = PBXSourcesBuildPhase;
			buildActionMask = 2147483647;
			files = (
				D3FE83AB2BAF397400784BF7 /* Character.swift in Sources */,
				D3FE83682BAEF72E00784BF7 /* DisneyExplorer.xcdatamodeld in Sources */,
				D3FE83902BAF03AD00784BF7 /* DisneyClient.swift in Sources */,
				D3FE83B12BAF6DBF00784BF7 /* CharacterImage.swift in Sources */,
				D3FE83982BAF073800784BF7 /* GetAllDTO.swift in Sources */,
				D3FE83AF2BAF442900784BF7 /* CharacterCard.swift in Sources */,
				D3FE839D2BAF158B00784BF7 /* ExplorerViewModel.swift in Sources */,
				D3FE83AD2BAF440700784BF7 /* ExplorerView.swift in Sources */,
				D3FE83A32BAF1C7300784BF7 /* URLSessionProtocol.swift in Sources */,
				D31040962BB04B15007C695C /* CharacterDetailsViewModel.swift in Sources */,
				D3FE835E2BAEF72B00784BF7 /* ContentView.swift in Sources */,
				D3FE835C2BAEF72B00784BF7 /* DisneyExplorerApp.swift in Sources */,
				D31702302BB1AC7C0096FD26 /* StorageManager.swift in Sources */,
				D3FE83B52BAF717A00784BF7 /* CharacterDetailsView.swift in Sources */,
				D31040982BB07A78007C695C /* ActionButton.swift in Sources */,
			);
			runOnlyForDeploymentPostprocessing = 0;
		};
		D3FE83692BAEF72F00784BF7 /* Sources */ = {
			isa = PBXSourcesBuildPhase;
			buildActionMask = 2147483647;
			files = (
				D3FE83922BAF04D600784BF7 /* StubData.swift in Sources */,
				D3FE83A82BAF362500784BF7 /* ExplorerViewModelTests.swift in Sources */,
				D3FE83B32BAF701C00784BF7 /* DetailsViewModelTests.swift in Sources */,
				D3FE838B2BAEFF8F00784BF7 /* DisneyClientTests.swift in Sources */,
				D3FE839F2BAF1B3200784BF7 /* MockURLSession.swift in Sources */,
			);
			runOnlyForDeploymentPostprocessing = 0;
		};
		D3FE83732BAEF72F00784BF7 /* Sources */ = {
			isa = PBXSourcesBuildPhase;
			buildActionMask = 2147483647;
			files = (
				D3FE837C2BAEF72F00784BF7 /* DisneyExplorerUITests.swift in Sources */,
				D3FE837E2BAEF72F00784BF7 /* DisneyExplorerUITestsLaunchTests.swift in Sources */,
			);
			runOnlyForDeploymentPostprocessing = 0;
		};
/* End PBXSourcesBuildPhase section */

/* Begin PBXTargetDependency section */
		D3FE836F2BAEF72F00784BF7 /* PBXTargetDependency */ = {
			isa = PBXTargetDependency;
			target = D3FE83572BAEF72B00784BF7 /* DisneyExplorer */;
			targetProxy = D3FE836E2BAEF72F00784BF7 /* PBXContainerItemProxy */;
		};
		D3FE83792BAEF72F00784BF7 /* PBXTargetDependency */ = {
			isa = PBXTargetDependency;
			target = D3FE83572BAEF72B00784BF7 /* DisneyExplorer */;
			targetProxy = D3FE83782BAEF72F00784BF7 /* PBXContainerItemProxy */;
		};
/* End PBXTargetDependency section */

/* Begin XCBuildConfiguration section */
		D3FE837F2BAEF72F00784BF7 /* Debug */ = {
			isa = XCBuildConfiguration;
			buildSettings = {
				ALWAYS_SEARCH_USER_PATHS = NO;
				ASSETCATALOG_COMPILER_GENERATE_SWIFT_ASSET_SYMBOL_EXTENSIONS = YES;
				CLANG_ANALYZER_NONNULL = YES;
				CLANG_ANALYZER_NUMBER_OBJECT_CONVERSION = YES_AGGRESSIVE;
				CLANG_CXX_LANGUAGE_STANDARD = "gnu++20";
				CLANG_ENABLE_MODULES = YES;
				CLANG_ENABLE_OBJC_ARC = YES;
				CLANG_ENABLE_OBJC_WEAK = YES;
				CLANG_WARN_BLOCK_CAPTURE_AUTORELEASING = YES;
				CLANG_WARN_BOOL_CONVERSION = YES;
				CLANG_WARN_COMMA = YES;
				CLANG_WARN_CONSTANT_CONVERSION = YES;
				CLANG_WARN_DEPRECATED_OBJC_IMPLEMENTATIONS = YES;
				CLANG_WARN_DIRECT_OBJC_ISA_USAGE = YES_ERROR;
				CLANG_WARN_DOCUMENTATION_COMMENTS = YES;
				CLANG_WARN_EMPTY_BODY = YES;
				CLANG_WARN_ENUM_CONVERSION = YES;
				CLANG_WARN_INFINITE_RECURSION = YES;
				CLANG_WARN_INT_CONVERSION = YES;
				CLANG_WARN_NON_LITERAL_NULL_CONVERSION = YES;
				CLANG_WARN_OBJC_IMPLICIT_RETAIN_SELF = YES;
				CLANG_WARN_OBJC_LITERAL_CONVERSION = YES;
				CLANG_WARN_OBJC_ROOT_CLASS = YES_ERROR;
				CLANG_WARN_QUOTED_INCLUDE_IN_FRAMEWORK_HEADER = YES;
				CLANG_WARN_RANGE_LOOP_ANALYSIS = YES;
				CLANG_WARN_STRICT_PROTOTYPES = YES;
				CLANG_WARN_SUSPICIOUS_MOVE = YES;
				CLANG_WARN_UNGUARDED_AVAILABILITY = YES_AGGRESSIVE;
				CLANG_WARN_UNREACHABLE_CODE = YES;
				CLANG_WARN__DUPLICATE_METHOD_MATCH = YES;
				COPY_PHASE_STRIP = NO;
				DEBUG_INFORMATION_FORMAT = dwarf;
				ENABLE_STRICT_OBJC_MSGSEND = YES;
				ENABLE_TESTABILITY = YES;
				ENABLE_USER_SCRIPT_SANDBOXING = YES;
				GCC_C_LANGUAGE_STANDARD = gnu17;
				GCC_DYNAMIC_NO_PIC = NO;
				GCC_NO_COMMON_BLOCKS = YES;
				GCC_OPTIMIZATION_LEVEL = 0;
				GCC_PREPROCESSOR_DEFINITIONS = (
					"DEBUG=1",
					"$(inherited)",
				);
				GCC_WARN_64_TO_32_BIT_CONVERSION = YES;
				GCC_WARN_ABOUT_RETURN_TYPE = YES_ERROR;
				GCC_WARN_UNDECLARED_SELECTOR = YES;
				GCC_WARN_UNINITIALIZED_AUTOS = YES_AGGRESSIVE;
				GCC_WARN_UNUSED_FUNCTION = YES;
				GCC_WARN_UNUSED_VARIABLE = YES;
				IPHONEOS_DEPLOYMENT_TARGET = 17.0;
				LOCALIZATION_PREFERS_STRING_CATALOGS = YES;
				MTL_ENABLE_DEBUG_INFO = INCLUDE_SOURCE;
				MTL_FAST_MATH = YES;
				ONLY_ACTIVE_ARCH = YES;
				SDKROOT = iphoneos;
				SWIFT_ACTIVE_COMPILATION_CONDITIONS = "DEBUG $(inherited)";
				SWIFT_OPTIMIZATION_LEVEL = "-Onone";
			};
			name = Debug;
		};
		D3FE83802BAEF72F00784BF7 /* Release */ = {
			isa = XCBuildConfiguration;
			buildSettings = {
				ALWAYS_SEARCH_USER_PATHS = NO;
				ASSETCATALOG_COMPILER_GENERATE_SWIFT_ASSET_SYMBOL_EXTENSIONS = YES;
				CLANG_ANALYZER_NONNULL = YES;
				CLANG_ANALYZER_NUMBER_OBJECT_CONVERSION = YES_AGGRESSIVE;
				CLANG_CXX_LANGUAGE_STANDARD = "gnu++20";
				CLANG_ENABLE_MODULES = YES;
				CLANG_ENABLE_OBJC_ARC = YES;
				CLANG_ENABLE_OBJC_WEAK = YES;
				CLANG_WARN_BLOCK_CAPTURE_AUTORELEASING = YES;
				CLANG_WARN_BOOL_CONVERSION = YES;
				CLANG_WARN_COMMA = YES;
				CLANG_WARN_CONSTANT_CONVERSION = YES;
				CLANG_WARN_DEPRECATED_OBJC_IMPLEMENTATIONS = YES;
				CLANG_WARN_DIRECT_OBJC_ISA_USAGE = YES_ERROR;
				CLANG_WARN_DOCUMENTATION_COMMENTS = YES;
				CLANG_WARN_EMPTY_BODY = YES;
				CLANG_WARN_ENUM_CONVERSION = YES;
				CLANG_WARN_INFINITE_RECURSION = YES;
				CLANG_WARN_INT_CONVERSION = YES;
				CLANG_WARN_NON_LITERAL_NULL_CONVERSION = YES;
				CLANG_WARN_OBJC_IMPLICIT_RETAIN_SELF = YES;
				CLANG_WARN_OBJC_LITERAL_CONVERSION = YES;
				CLANG_WARN_OBJC_ROOT_CLASS = YES_ERROR;
				CLANG_WARN_QUOTED_INCLUDE_IN_FRAMEWORK_HEADER = YES;
				CLANG_WARN_RANGE_LOOP_ANALYSIS = YES;
				CLANG_WARN_STRICT_PROTOTYPES = YES;
				CLANG_WARN_SUSPICIOUS_MOVE = YES;
				CLANG_WARN_UNGUARDED_AVAILABILITY = YES_AGGRESSIVE;
				CLANG_WARN_UNREACHABLE_CODE = YES;
				CLANG_WARN__DUPLICATE_METHOD_MATCH = YES;
				COPY_PHASE_STRIP = NO;
				DEBUG_INFORMATION_FORMAT = "dwarf-with-dsym";
				ENABLE_NS_ASSERTIONS = NO;
				ENABLE_STRICT_OBJC_MSGSEND = YES;
				ENABLE_USER_SCRIPT_SANDBOXING = YES;
				GCC_C_LANGUAGE_STANDARD = gnu17;
				GCC_NO_COMMON_BLOCKS = YES;
				GCC_WARN_64_TO_32_BIT_CONVERSION = YES;
				GCC_WARN_ABOUT_RETURN_TYPE = YES_ERROR;
				GCC_WARN_UNDECLARED_SELECTOR = YES;
				GCC_WARN_UNINITIALIZED_AUTOS = YES_AGGRESSIVE;
				GCC_WARN_UNUSED_FUNCTION = YES;
				GCC_WARN_UNUSED_VARIABLE = YES;
				IPHONEOS_DEPLOYMENT_TARGET = 17.0;
				LOCALIZATION_PREFERS_STRING_CATALOGS = YES;
				MTL_ENABLE_DEBUG_INFO = NO;
				MTL_FAST_MATH = YES;
				SDKROOT = iphoneos;
				SWIFT_COMPILATION_MODE = wholemodule;
				VALIDATE_PRODUCT = YES;
			};
			name = Release;
		};
		D3FE83822BAEF72F00784BF7 /* Debug */ = {
			isa = XCBuildConfiguration;
			buildSettings = {
				ASSETCATALOG_COMPILER_APPICON_NAME = AppIcon;
				ASSETCATALOG_COMPILER_GLOBAL_ACCENT_COLOR_NAME = AccentColor;
				CODE_SIGN_STYLE = Automatic;
				CURRENT_PROJECT_VERSION = 1;
				DEVELOPMENT_ASSET_PATHS = "\"DisneyExplorer/Preview Content\"";
				DEVELOPMENT_TEAM = 89Y5LCTC56;
				ENABLE_PREVIEWS = YES;
				GENERATE_INFOPLIST_FILE = YES;
				INFOPLIST_KEY_UIApplicationSceneManifest_Generation = YES;
				INFOPLIST_KEY_UIApplicationSupportsIndirectInputEvents = YES;
				INFOPLIST_KEY_UILaunchScreen_Generation = YES;
				INFOPLIST_KEY_UISupportedInterfaceOrientations_iPad = "UIInterfaceOrientationPortrait UIInterfaceOrientationPortraitUpsideDown UIInterfaceOrientationLandscapeLeft UIInterfaceOrientationLandscapeRight";
				INFOPLIST_KEY_UISupportedInterfaceOrientations_iPhone = "UIInterfaceOrientationPortrait UIInterfaceOrientationLandscapeLeft UIInterfaceOrientationLandscapeRight";
				LD_RUNPATH_SEARCH_PATHS = (
					"$(inherited)",
					"@executable_path/Frameworks",
				);
				MARKETING_VERSION = 1.0;
				PRODUCT_BUNDLE_IDENTIFIER = lr.DisneyExplorer;
				PRODUCT_NAME = "$(TARGET_NAME)";
				SWIFT_EMIT_LOC_STRINGS = YES;
				SWIFT_VERSION = 5.0;
				TARGETED_DEVICE_FAMILY = "1,2";
			};
			name = Debug;
		};
		D3FE83832BAEF72F00784BF7 /* Release */ = {
			isa = XCBuildConfiguration;
			buildSettings = {
				ASSETCATALOG_COMPILER_APPICON_NAME = AppIcon;
				ASSETCATALOG_COMPILER_GLOBAL_ACCENT_COLOR_NAME = AccentColor;
				CODE_SIGN_STYLE = Automatic;
				CURRENT_PROJECT_VERSION = 1;
				DEVELOPMENT_ASSET_PATHS = "\"DisneyExplorer/Preview Content\"";
				DEVELOPMENT_TEAM = 89Y5LCTC56;
				ENABLE_PREVIEWS = YES;
				GENERATE_INFOPLIST_FILE = YES;
				INFOPLIST_KEY_UIApplicationSceneManifest_Generation = YES;
				INFOPLIST_KEY_UIApplicationSupportsIndirectInputEvents = YES;
				INFOPLIST_KEY_UILaunchScreen_Generation = YES;
				INFOPLIST_KEY_UISupportedInterfaceOrientations_iPad = "UIInterfaceOrientationPortrait UIInterfaceOrientationPortraitUpsideDown UIInterfaceOrientationLandscapeLeft UIInterfaceOrientationLandscapeRight";
				INFOPLIST_KEY_UISupportedInterfaceOrientations_iPhone = "UIInterfaceOrientationPortrait UIInterfaceOrientationLandscapeLeft UIInterfaceOrientationLandscapeRight";
				LD_RUNPATH_SEARCH_PATHS = (
					"$(inherited)",
					"@executable_path/Frameworks",
				);
				MARKETING_VERSION = 1.0;
				PRODUCT_BUNDLE_IDENTIFIER = lr.DisneyExplorer;
				PRODUCT_NAME = "$(TARGET_NAME)";
				SWIFT_EMIT_LOC_STRINGS = YES;
				SWIFT_VERSION = 5.0;
				TARGETED_DEVICE_FAMILY = "1,2";
			};
			name = Release;
		};
		D3FE83852BAEF72F00784BF7 /* Debug */ = {
			isa = XCBuildConfiguration;
			buildSettings = {
				ALWAYS_EMBED_SWIFT_STANDARD_LIBRARIES = YES;
				BUNDLE_LOADER = "$(TEST_HOST)";
				CODE_SIGN_STYLE = Automatic;
				CURRENT_PROJECT_VERSION = 1;
				DEVELOPMENT_TEAM = 89Y5LCTC56;
				GENERATE_INFOPLIST_FILE = YES;
				IPHONEOS_DEPLOYMENT_TARGET = 17.0;
				MARKETING_VERSION = 1.0;
				PRODUCT_BUNDLE_IDENTIFIER = lr.DisneyExplorerTests;
				PRODUCT_NAME = "$(TARGET_NAME)";
				SWIFT_EMIT_LOC_STRINGS = NO;
				SWIFT_VERSION = 5.0;
				TARGETED_DEVICE_FAMILY = "1,2";
				TEST_HOST = "$(BUILT_PRODUCTS_DIR)/DisneyExplorer.app/$(BUNDLE_EXECUTABLE_FOLDER_PATH)/DisneyExplorer";
			};
			name = Debug;
		};
		D3FE83862BAEF72F00784BF7 /* Release */ = {
			isa = XCBuildConfiguration;
			buildSettings = {
				ALWAYS_EMBED_SWIFT_STANDARD_LIBRARIES = YES;
				BUNDLE_LOADER = "$(TEST_HOST)";
				CODE_SIGN_STYLE = Automatic;
				CURRENT_PROJECT_VERSION = 1;
				DEVELOPMENT_TEAM = 89Y5LCTC56;
				GENERATE_INFOPLIST_FILE = YES;
				IPHONEOS_DEPLOYMENT_TARGET = 17.0;
				MARKETING_VERSION = 1.0;
				PRODUCT_BUNDLE_IDENTIFIER = lr.DisneyExplorerTests;
				PRODUCT_NAME = "$(TARGET_NAME)";
				SWIFT_EMIT_LOC_STRINGS = NO;
				SWIFT_VERSION = 5.0;
				TARGETED_DEVICE_FAMILY = "1,2";
				TEST_HOST = "$(BUILT_PRODUCTS_DIR)/DisneyExplorer.app/$(BUNDLE_EXECUTABLE_FOLDER_PATH)/DisneyExplorer";
			};
			name = Release;
		};
		D3FE83882BAEF72F00784BF7 /* Debug */ = {
			isa = XCBuildConfiguration;
			buildSettings = {
				ALWAYS_EMBED_SWIFT_STANDARD_LIBRARIES = YES;
				CODE_SIGN_STYLE = Automatic;
				CURRENT_PROJECT_VERSION = 1;
				DEVELOPMENT_TEAM = 89Y5LCTC56;
				GENERATE_INFOPLIST_FILE = YES;
				MARKETING_VERSION = 1.0;
				PRODUCT_BUNDLE_IDENTIFIER = lr.DisneyExplorerUITests;
				PRODUCT_NAME = "$(TARGET_NAME)";
				SWIFT_EMIT_LOC_STRINGS = NO;
				SWIFT_VERSION = 5.0;
				TARGETED_DEVICE_FAMILY = "1,2";
				TEST_TARGET_NAME = DisneyExplorer;
			};
			name = Debug;
		};
		D3FE83892BAEF72F00784BF7 /* Release */ = {
			isa = XCBuildConfiguration;
			buildSettings = {
				ALWAYS_EMBED_SWIFT_STANDARD_LIBRARIES = YES;
				CODE_SIGN_STYLE = Automatic;
				CURRENT_PROJECT_VERSION = 1;
				DEVELOPMENT_TEAM = 89Y5LCTC56;
				GENERATE_INFOPLIST_FILE = YES;
				MARKETING_VERSION = 1.0;
				PRODUCT_BUNDLE_IDENTIFIER = lr.DisneyExplorerUITests;
				PRODUCT_NAME = "$(TARGET_NAME)";
				SWIFT_EMIT_LOC_STRINGS = NO;
				SWIFT_VERSION = 5.0;
				TARGETED_DEVICE_FAMILY = "1,2";
				TEST_TARGET_NAME = DisneyExplorer;
			};
			name = Release;
		};
/* End XCBuildConfiguration section */

/* Begin XCConfigurationList section */
		D3FE83532BAEF72B00784BF7 /* Build configuration list for PBXProject "DisneyExplorer" */ = {
			isa = XCConfigurationList;
			buildConfigurations = (
				D3FE837F2BAEF72F00784BF7 /* Debug */,
				D3FE83802BAEF72F00784BF7 /* Release */,
			);
			defaultConfigurationIsVisible = 0;
			defaultConfigurationName = Release;
		};
		D3FE83812BAEF72F00784BF7 /* Build configuration list for PBXNativeTarget "DisneyExplorer" */ = {
			isa = XCConfigurationList;
			buildConfigurations = (
				D3FE83822BAEF72F00784BF7 /* Debug */,
				D3FE83832BAEF72F00784BF7 /* Release */,
			);
			defaultConfigurationIsVisible = 0;
			defaultConfigurationName = Release;
		};
		D3FE83842BAEF72F00784BF7 /* Build configuration list for PBXNativeTarget "DisneyExplorerTests" */ = {
			isa = XCConfigurationList;
			buildConfigurations = (
				D3FE83852BAEF72F00784BF7 /* Debug */,
				D3FE83862BAEF72F00784BF7 /* Release */,
			);
			defaultConfigurationIsVisible = 0;
			defaultConfigurationName = Release;
		};
		D3FE83872BAEF72F00784BF7 /* Build configuration list for PBXNativeTarget "DisneyExplorerUITests" */ = {
			isa = XCConfigurationList;
			buildConfigurations = (
				D3FE83882BAEF72F00784BF7 /* Debug */,
				D3FE83892BAEF72F00784BF7 /* Release */,
			);
			defaultConfigurationIsVisible = 0;
			defaultConfigurationName = Release;
		};
/* End XCConfigurationList section */

/* Begin XCVersionGroup section */
		D3FE83662BAEF72E00784BF7 /* DisneyExplorer.xcdatamodeld */ = {
			isa = XCVersionGroup;
			children = (
				D3FE83672BAEF72E00784BF7 /* DisneyExplorer.xcdatamodel */,
			);
			currentVersion = D3FE83672BAEF72E00784BF7 /* DisneyExplorer.xcdatamodel */;
			path = DisneyExplorer.xcdatamodeld;
			sourceTree = "<group>";
			versionGroupType = wrapper.xcdatamodel;
		};
/* End XCVersionGroup section */
	};
	rootObject = D3FE83502BAEF72B00784BF7 /* Project object */;
}
